
Microsoft Visual Studio Solution File, Format Version 12.00
# Visual Studio Version 17
VisualStudioVersion = 17.0.31903.59
MinimumVisualStudioVersion = 10.0.40219.1
Project("{FAE04EC0-301F-11D3-BF4B-00C04F79EFBC}") = "Catalog.Domain", "src\Services\Catalog\Catalog.Domain\Catalog.Domain.csproj", "{055C9FAF-6908-4D01-AE18-E64BFC9D81BF}"
EndProject
Project("{FAE04EC0-301F-11D3-BF4B-00C04F79EFBC}") = "Catalog.Application", "src\Services\Catalog\Catalog.Application\Catalog.Application.csproj", "{4060A0C4-B136-45A0-B9D3-B46F1F33E729}"
EndProject
Project("{FAE04EC0-301F-11D3-BF4B-00C04F79EFBC}") = "Catalog.API", "src\Services\Catalog\Catalog.API\Catalog.API.csproj", "{8A49C10C-7857-461B-A916-E1EFFFC83987}"
EndProject
Project("{FAE04EC0-301F-11D3-BF4B-00C04F79EFBC}") = "Catalog.Infrastructure", "src\Services\Catalog\Catalog.Infrastructure\Catalog.Infrastructure.csproj", "{67989C1E-CAB4-4FF9-807C-AF24415EBC81}"
EndProject
Project("{2150E333-8FDC-42A3-9474-1A3956D46DE8}") = "src", "src", "{36D591C7-65C7-A0D1-1CBC-10CDE441BDC8}"
EndProject
Project("{2150E333-8FDC-42A3-9474-1A3956D46DE8}") = "Services", "Services", "{909E53D5-D1FB-4373-B97B-519013ECCC98}"
EndProject
Project("{2150E333-8FDC-42A3-9474-1A3956D46DE8}") = "Catalog", "Catalog", "{D6CC32D4-C811-47ED-A7C7-A9549ABF125E}"
EndProject
Project("{E53339B2-1760-4266-BCC7-CA923CBCF16C}") = "docker-compose", "deploy\docker-compose.dcproj", "{81DDED9D-158B-E303-5F62-77A2896D2A5A}"
EndProject
Project("{2150E333-8FDC-42A3-9474-1A3956D46DE8}") = "Shared", "Shared", "{34CB5D01-B906-4655-8686-88E250C2633C}"
EndProject
Project("{FAE04EC0-301F-11D3-BF4B-00C04F79EFBC}") = "Common.Kernel", "src\Shared\Common.Kernel\Common.Kernel.csproj", "{D71E0559-2F61-4695-A95D-6990FA68211D}"
EndProject
Project("{2150E333-8FDC-42A3-9474-1A3956D46DE8}") = "Basket", "Basket", "{8D205CE7-6E1C-42A9-AB88-301983303B6E}"
EndProject
Project("{FAE04EC0-301F-11D3-BF4B-00C04F79EFBC}") = "Basket.API", "src\Services\Basket\Basket.API\Basket.API.csproj", "{00E48036-36E4-4296-A83F-6B2720B7CCDD}"
	ProjectSection(ProjectDependencies) = postProject
		{D71E0559-2F61-4695-A95D-6990FA68211D} = {D71E0559-2F61-4695-A95D-6990FA68211D}
	EndProjectSection
EndProject
Project("{2150E333-8FDC-42A3-9474-1A3956D46DE8}") = "Promotion", "Promotion", "{F6F67FDF-4EFF-4C96-A23F-C0119C736A22}"
EndProject
Project("{FAE04EC0-301F-11D3-BF4B-00C04F79EFBC}") = "Promotion.Grpc", "src\Services\Promotion\Promotion.Grpc\Promotion.Grpc.csproj", "{A42B71A1-BC9E-6053-81D3-F356DF71C8C8}"
	ProjectSection(ProjectDependencies) = postProject
		{D71E0559-2F61-4695-A95D-6990FA68211D} = {D71E0559-2F61-4695-A95D-6990FA68211D}
	EndProjectSection
EndProject
Project("{2150E333-8FDC-42A3-9474-1A3956D46DE8}") = "Checkout", "Checkout", "{3931C894-4543-4B67-8C3C-552C343255AA}"
EndProject
Project("{FAE04EC0-301F-11D3-BF4B-00C04F79EFBC}") = "Checkout.API", "src\Services\Checkout\Checkout.API\Checkout.API.csproj", "{0D69D1B5-FBD3-44AF-10B4-4A3F764DDD31}"
EndProject
Project("{FAE04EC0-301F-11D3-BF4B-00C04F79EFBC}") = "Checkout.Application", "src\Services\Checkout\Checkout.Application\Checkout.Application.csproj", "{3D0D7B57-47A8-21EA-9698-23813ED251DA}"
EndProject
Project("{FAE04EC0-301F-11D3-BF4B-00C04F79EFBC}") = "Checkout.Domain", "src\Services\Checkout\Checkout.Domain\Checkout.Domain.csproj", "{138DE257-0378-DDEB-4D76-4A1736920B75}"
EndProject
Project("{FAE04EC0-301F-11D3-BF4B-00C04F79EFBC}") = "Checkout.Infrastructure", "src\Services\Checkout\Checkout.Infrastructure\Checkout.Infrastructure.csproj", "{D504D7F6-3908-4620-83E2-82CAC6684AC9}"
EndProject
Project("{FAE04EC0-301F-11D3-BF4B-00C04F79EFBC}") = "Common.Messaging", "src\Shared\Common.Messaging\Common.Messaging.csproj", "{E0682B82-E677-47EE-B0A8-2307E5B1B217}"
EndProject
Global
	GlobalSection(SolutionConfigurationPlatforms) = preSolution
		Debug|Any CPU = Debug|Any CPU
		Release|Any CPU = Release|Any CPU
	EndGlobalSection
	GlobalSection(ProjectConfigurationPlatforms) = postSolution
		{055C9FAF-6908-4D01-AE18-E64BFC9D81BF}.Debug|Any CPU.ActiveCfg = Debug|Any CPU
		{055C9FAF-6908-4D01-AE18-E64BFC9D81BF}.Debug|Any CPU.Build.0 = Debug|Any CPU
		{055C9FAF-6908-4D01-AE18-E64BFC9D81BF}.Release|Any CPU.ActiveCfg = Release|Any CPU
		{055C9FAF-6908-4D01-AE18-E64BFC9D81BF}.Release|Any CPU.Build.0 = Release|Any CPU
		{4060A0C4-B136-45A0-B9D3-B46F1F33E729}.Debug|Any CPU.ActiveCfg = Debug|Any CPU
		{4060A0C4-B136-45A0-B9D3-B46F1F33E729}.Debug|Any CPU.Build.0 = Debug|Any CPU
		{4060A0C4-B136-45A0-B9D3-B46F1F33E729}.Release|Any CPU.ActiveCfg = Release|Any CPU
		{4060A0C4-B136-45A0-B9D3-B46F1F33E729}.Release|Any CPU.Build.0 = Release|Any CPU
		{8A49C10C-7857-461B-A916-E1EFFFC83987}.Debug|Any CPU.ActiveCfg = Debug|Any CPU
		{8A49C10C-7857-461B-A916-E1EFFFC83987}.Debug|Any CPU.Build.0 = Debug|Any CPU
		{8A49C10C-7857-461B-A916-E1EFFFC83987}.Release|Any CPU.ActiveCfg = Release|Any CPU
		{8A49C10C-7857-461B-A916-E1EFFFC83987}.Release|Any CPU.Build.0 = Release|Any CPU
		{67989C1E-CAB4-4FF9-807C-AF24415EBC81}.Debug|Any CPU.ActiveCfg = Debug|Any CPU
		{67989C1E-CAB4-4FF9-807C-AF24415EBC81}.Debug|Any CPU.Build.0 = Debug|Any CPU
		{67989C1E-CAB4-4FF9-807C-AF24415EBC81}.Release|Any CPU.ActiveCfg = Release|Any CPU
		{67989C1E-CAB4-4FF9-807C-AF24415EBC81}.Release|Any CPU.Build.0 = Release|Any CPU
		{81DDED9D-158B-E303-5F62-77A2896D2A5A}.Debug|Any CPU.ActiveCfg = Debug|Any CPU
		{81DDED9D-158B-E303-5F62-77A2896D2A5A}.Debug|Any CPU.Build.0 = Debug|Any CPU
		{81DDED9D-158B-E303-5F62-77A2896D2A5A}.Release|Any CPU.ActiveCfg = Release|Any CPU
		{81DDED9D-158B-E303-5F62-77A2896D2A5A}.Release|Any CPU.Build.0 = Release|Any CPU
		{D71E0559-2F61-4695-A95D-6990FA68211D}.Debug|Any CPU.ActiveCfg = Debug|Any CPU
		{D71E0559-2F61-4695-A95D-6990FA68211D}.Debug|Any CPU.Build.0 = Debug|Any CPU
		{D71E0559-2F61-4695-A95D-6990FA68211D}.Release|Any CPU.ActiveCfg = Release|Any CPU
		{D71E0559-2F61-4695-A95D-6990FA68211D}.Release|Any CPU.Build.0 = Release|Any CPU
		{00E48036-36E4-4296-A83F-6B2720B7CCDD}.Debug|Any CPU.ActiveCfg = Debug|Any CPU
		{00E48036-36E4-4296-A83F-6B2720B7CCDD}.Debug|Any CPU.Build.0 = Debug|Any CPU
		{00E48036-36E4-4296-A83F-6B2720B7CCDD}.Release|Any CPU.ActiveCfg = Release|Any CPU
		{00E48036-36E4-4296-A83F-6B2720B7CCDD}.Release|Any CPU.Build.0 = Release|Any CPU
		{A42B71A1-BC9E-6053-81D3-F356DF71C8C8}.Debug|Any CPU.ActiveCfg = Debug|Any CPU
		{A42B71A1-BC9E-6053-81D3-F356DF71C8C8}.Debug|Any CPU.Build.0 = Debug|Any CPU
		{A42B71A1-BC9E-6053-81D3-F356DF71C8C8}.Release|Any CPU.ActiveCfg = Release|Any CPU
		{A42B71A1-BC9E-6053-81D3-F356DF71C8C8}.Release|Any CPU.Build.0 = Release|Any CPU
		{0D69D1B5-FBD3-44AF-10B4-4A3F764DDD31}.Debug|Any CPU.ActiveCfg = Debug|Any CPU
		{0D69D1B5-FBD3-44AF-10B4-4A3F764DDD31}.Debug|Any CPU.Build.0 = Debug|Any CPU
		{0D69D1B5-FBD3-44AF-10B4-4A3F764DDD31}.Release|Any CPU.ActiveCfg = Release|Any CPU
		{0D69D1B5-FBD3-44AF-10B4-4A3F764DDD31}.Release|Any CPU.Build.0 = Release|Any CPU
		{3D0D7B57-47A8-21EA-9698-23813ED251DA}.Debug|Any CPU.ActiveCfg = Debug|Any CPU
		{3D0D7B57-47A8-21EA-9698-23813ED251DA}.Debug|Any CPU.Build.0 = Debug|Any CPU
		{3D0D7B57-47A8-21EA-9698-23813ED251DA}.Release|Any CPU.ActiveCfg = Release|Any CPU
		{3D0D7B57-47A8-21EA-9698-23813ED251DA}.Release|Any CPU.Build.0 = Release|Any CPU
		{138DE257-0378-DDEB-4D76-4A1736920B75}.Debug|Any CPU.ActiveCfg = Debug|Any CPU
		{138DE257-0378-DDEB-4D76-4A1736920B75}.Debug|Any CPU.Build.0 = Debug|Any CPU
		{138DE257-0378-DDEB-4D76-4A1736920B75}.Release|Any CPU.ActiveCfg = Release|Any CPU
		{138DE257-0378-DDEB-4D76-4A1736920B75}.Release|Any CPU.Build.0 = Release|Any CPU
		{D504D7F6-3908-4620-83E2-82CAC6684AC9}.Debug|Any CPU.ActiveCfg = Debug|Any CPU
		{D504D7F6-3908-4620-83E2-82CAC6684AC9}.Debug|Any CPU.Build.0 = Debug|Any CPU
		{D504D7F6-3908-4620-83E2-82CAC6684AC9}.Release|Any CPU.ActiveCfg = Release|Any CPU
		{D504D7F6-3908-4620-83E2-82CAC6684AC9}.Release|Any CPU.Build.0 = Release|Any CPU
		{E0682B82-E677-47EE-B0A8-2307E5B1B217}.Debug|Any CPU.ActiveCfg = Debug|Any CPU
		{E0682B82-E677-47EE-B0A8-2307E5B1B217}.Debug|Any CPU.Build.0 = Debug|Any CPU
		{E0682B82-E677-47EE-B0A8-2307E5B1B217}.Release|Any CPU.ActiveCfg = Release|Any CPU
		{E0682B82-E677-47EE-B0A8-2307E5B1B217}.Release|Any CPU.Build.0 = Release|Any CPU
	EndGlobalSection
	GlobalSection(SolutionProperties) = preSolution
		HideSolutionNode = FALSE
	EndGlobalSection
	GlobalSection(NestedProjects) = preSolution
		{055C9FAF-6908-4D01-AE18-E64BFC9D81BF} = {D6CC32D4-C811-47ED-A7C7-A9549ABF125E}
		{4060A0C4-B136-45A0-B9D3-B46F1F33E729} = {D6CC32D4-C811-47ED-A7C7-A9549ABF125E}
		{8A49C10C-7857-461B-A916-E1EFFFC83987} = {D6CC32D4-C811-47ED-A7C7-A9549ABF125E}
		{67989C1E-CAB4-4FF9-807C-AF24415EBC81} = {D6CC32D4-C811-47ED-A7C7-A9549ABF125E}
		{909E53D5-D1FB-4373-B97B-519013ECCC98} = {36D591C7-65C7-A0D1-1CBC-10CDE441BDC8}
		{D6CC32D4-C811-47ED-A7C7-A9549ABF125E} = {909E53D5-D1FB-4373-B97B-519013ECCC98}
		{34CB5D01-B906-4655-8686-88E250C2633C} = {36D591C7-65C7-A0D1-1CBC-10CDE441BDC8}
		{D71E0559-2F61-4695-A95D-6990FA68211D} = {34CB5D01-B906-4655-8686-88E250C2633C}
		{8D205CE7-6E1C-42A9-AB88-301983303B6E} = {909E53D5-D1FB-4373-B97B-519013ECCC98}
		{00E48036-36E4-4296-A83F-6B2720B7CCDD} = {8D205CE7-6E1C-42A9-AB88-301983303B6E}
		{F6F67FDF-4EFF-4C96-A23F-C0119C736A22} = {909E53D5-D1FB-4373-B97B-519013ECCC98}
		{A42B71A1-BC9E-6053-81D3-F356DF71C8C8} = {F6F67FDF-4EFF-4C96-A23F-C0119C736A22}
		{3931C894-4543-4B67-8C3C-552C343255AA} = {909E53D5-D1FB-4373-B97B-519013ECCC98}
		{0D69D1B5-FBD3-44AF-10B4-4A3F764DDD31} = {3931C894-4543-4B67-8C3C-552C343255AA}
		{3D0D7B57-47A8-21EA-9698-23813ED251DA} = {3931C894-4543-4B67-8C3C-552C343255AA}
		{138DE257-0378-DDEB-4D76-4A1736920B75} = {3931C894-4543-4B67-8C3C-552C343255AA}
		{D504D7F6-3908-4620-83E2-82CAC6684AC9} = {3931C894-4543-4B67-8C3C-552C343255AA}
		{E0682B82-E677-47EE-B0A8-2307E5B1B217} = {34CB5D01-B906-4655-8686-88E250C2633C}
	EndGlobalSection
	GlobalSection(ExtensibilityGlobals) = postSolution
		SolutionGuid = {1FBCF6EC-1D4E-40A7-A3B2-14AE0AD05E11}
	EndGlobalSection
EndGlobal
